<Solution>
  <Folder Name="/01_Routing/">
    <Project Path="01_Routing/SwiggyRelated.API/SwiggyRelated.API.csproj" />
  </Folder>
  <Folder Name="/02_RouteParametersAndQueryStringsInRouting/">
    <Project Path="02_RouteParametersAndQueryStringsInRouting/SwiggyRelated.API/SwiggyRelated.API.csproj" />
  </Folder>
  <Folder Name="/03_MultipleUrlsForASingleResourceInAspNetCoreWebApi/">
    <Project Path="03_MultipleUrlsForASingleResourceInAspNetCoreWebApi/SwiggyRelated.API/SwiggyRelated.API.csproj" />
  </Folder>
</Solution>
