
Microsoft Visual Studio Solution File, Format Version 12.00
# Visual Studio Version 18
VisualStudioVersion = 18.2.11430.68
MinimumVisualStudioVersion = 10.0.40219.1
Project("{2150E333-8FDC-42A3-9474-1A3956D46DE8}") = "01.Model Binding in ASP.NET Core Web API", "01.Model Binding in ASP.NET Core Web API", "{612D77E4-BEEE-022C-6826-0CD35B9F9973}"
EndProject
Project("{FAE04EC0-301F-11D3-BF4B-00C04F79EFBC}") = "ModelBindingDemo.API", "01.Model Binding in ASP.NET Core Web API\ModelBindingDemo.API\ModelBindingDemo.API.csproj", "{F11162C9-5A74-465A-956E-BB75C5A2F02A}"
EndProject
Project("{2150E333-8FDC-42A3-9474-1A3956D46DE8}") = "02.Model Binding - From Form", "02.Model Binding - From Form", "{6857F036-6168-4933-8336-A1FF907623EC}"
	ProjectSection(SolutionItems) = preProject
		02.Model Binding - From Form\ModelBinding-FromForm\ModelBinding-FromForm.csproj = 02.Model Binding - From Form\ModelBinding-FromForm\ModelBinding-FromForm.csproj
	EndProjectSection
EndProject
Project("{2150E333-8FDC-42A3-9474-1A3956D46DE8}") = "03.Model Binding-From Query", "03.Model Binding-From Query", "{378CDDFA-9DD1-4CE2-B8C5-34FAAE47AF8D}"
EndProject
Project("{2150E333-8FDC-42A3-9474-1A3956D46DE8}") = "04.Model Binding-From Route", "04.Model Binding-From Route", "{6E971825-BFDD-4EFC-A394-A3E656E96E6F}"
EndProject
Project("{2150E333-8FDC-42A3-9474-1A3956D46DE8}") = "05.Model Binding-From Header", "05.Model Binding-From Header", "{AF95DEDE-108A-4DFE-99EA-50D5DD96E975}"
EndProject
Project("{2150E333-8FDC-42A3-9474-1A3956D46DE8}") = "06.Model Binding-From Body", "06.Model Binding-From Body", "{93719778-17CD-4944-8198-E75111C896D5}"
EndProject
Project("{FAE04EC0-301F-11D3-BF4B-00C04F79EFBC}") = "FromQuery", "04.Model Binding - From Query\FromQuery\FromQuery.csproj", "{1ED9D12C-35A0-5113-B59E-4A844EDB6AF1}"
EndProject
Project("{FAE04EC0-301F-11D3-BF4B-00C04F79EFBC}") = "FromRoute", "03.Model Binding - From Route\FromRoute\FromRoute.csproj", "{60E9A71A-C200-477F-9BA7-E368B6523A83}"
EndProject
Project("{FAE04EC0-301F-11D3-BF4B-00C04F79EFBC}") = "FromBody", "05.Model Binding - From Body\FromBody\FromBody.csproj", "{D706A3DD-D7B5-1B84-C5D1-4FD5505C6736}"
EndProject
Project("{FAE04EC0-301F-11D3-BF4B-00C04F79EFBC}") = "FromHeader", "06.Model Binding - From Header\FromHeader\FromHeader.csproj", "{5425C58D-9B96-59CA-E3A8-16D1465E6279}"
EndProject
Project("{2150E333-8FDC-42A3-9474-1A3956D46DE8}") = "08.Binding Attributes to Model Properties", "08.Binding Attributes to Model Properties", "{0EEFEAF0-0EFF-FC70-EEBC-4E8B82177F6A}"
EndProject
Project("{FAE04EC0-301F-11D3-BF4B-00C04F79EFBC}") = "BindingAttributesToModelProperties", "08.Binding Attributes to Model Properties\BindingAttributesToModelProperties\BindingAttributesToModelProperties.csproj", "{397C4DCC-E7A4-4D83-BC9F-4DB26AF8BDC7}"
EndProject
Project("{2150E333-8FDC-42A3-9474-1A3956D46DE8}") = "09.Content Negotiation", "09.Content Negotiation", "{99416FE3-D687-703A-3C4D-802B4852F80F}"
EndProject
Project("{FAE04EC0-301F-11D3-BF4B-00C04F79EFBC}") = "ContentNegotiationDemo", "09.Content Negotiation\ContentNegotiationDemo\ContentNegotiationDemo.csproj", "{DEFE7E21-12BC-42C7-A7D1-12C812F0BA6C}"
EndProject
Project("{2150E333-8FDC-42A3-9474-1A3956D46DE8}") = "10.Produces and Consumes Attributes", "10.Produces and Consumes Attributes", "{0BCF4FFD-3A10-0427-86FA-E964F8683ACE}"
EndProject
Project("{FAE04EC0-301F-11D3-BF4B-00C04F79EFBC}") = "ProducesConsumesDemo", "10.Produces and Consumes Attributes\ProducesConsumesDemo\ProducesConsumesDemo.csproj", "{45F2E2D2-5626-49FD-B9B2-2D610458E605}"
EndProject
Global
	GlobalSection(SolutionConfigurationPlatforms) = preSolution
		Debug|Any CPU = Debug|Any CPU
		Debug|x64 = Debug|x64
		Debug|x86 = Debug|x86
		Release|Any CPU = Release|Any CPU
		Release|x64 = Release|x64
		Release|x86 = Release|x86
	EndGlobalSection
	GlobalSection(ProjectConfigurationPlatforms) = postSolution
		{F11162C9-5A74-465A-956E-BB75C5A2F02A}.Debug|Any CPU.ActiveCfg = Debug|Any CPU
		{F11162C9-5A74-465A-956E-BB75C5A2F02A}.Debug|Any CPU.Build.0 = Debug|Any CPU
		{F11162C9-5A74-465A-956E-BB75C5A2F02A}.Debug|x64.ActiveCfg = Debug|Any CPU
		{F11162C9-5A74-465A-956E-BB75C5A2F02A}.Debug|x64.Build.0 = Debug|Any CPU
		{F11162C9-5A74-465A-956E-BB75C5A2F02A}.Debug|x86.ActiveCfg = Debug|Any CPU
		{F11162C9-5A74-465A-956E-BB75C5A2F02A}.Debug|x86.Build.0 = Debug|Any CPU
		{F11162C9-5A74-465A-956E-BB75C5A2F02A}.Release|Any CPU.ActiveCfg = Release|Any CPU
		{F11162C9-5A74-465A-956E-BB75C5A2F02A}.Release|Any CPU.Build.0 = Release|Any CPU
		{F11162C9-5A74-465A-956E-BB75C5A2F02A}.Release|x64.ActiveCfg = Release|Any CPU
		{F11162C9-5A74-465A-956E-BB75C5A2F02A}.Release|x64.Build.0 = Release|Any CPU
		{F11162C9-5A74-465A-956E-BB75C5A2F02A}.Release|x86.ActiveCfg = Release|Any CPU
		{F11162C9-5A74-465A-956E-BB75C5A2F02A}.Release|x86.Build.0 = Release|Any CPU
		{1ED9D12C-35A0-5113-B59E-4A844EDB6AF1}.Debug|Any CPU.ActiveCfg = Debug|Any CPU
		{1ED9D12C-35A0-5113-B59E-4A844EDB6AF1}.Debug|Any CPU.Build.0 = Debug|Any CPU
		{1ED9D12C-35A0-5113-B59E-4A844EDB6AF1}.Debug|x64.ActiveCfg = Debug|Any CPU
		{1ED9D12C-35A0-5113-B59E-4A844EDB6AF1}.Debug|x64.Build.0 = Debug|Any CPU
		{1ED9D12C-35A0-5113-B59E-4A844EDB6AF1}.Debug|x86.ActiveCfg = Debug|Any CPU
		{1ED9D12C-35A0-5113-B59E-4A844EDB6AF1}.Debug|x86.Build.0 = Debug|Any CPU
		{1ED9D12C-35A0-5113-B59E-4A844EDB6AF1}.Release|Any CPU.ActiveCfg = Release|Any CPU
		{1ED9D12C-35A0-5113-B59E-4A844EDB6AF1}.Release|Any CPU.Build.0 = Release|Any CPU
		{1ED9D12C-35A0-5113-B59E-4A844EDB6AF1}.Release|x64.ActiveCfg = Release|Any CPU
		{1ED9D12C-35A0-5113-B59E-4A844EDB6AF1}.Release|x64.Build.0 = Release|Any CPU
		{1ED9D12C-35A0-5113-B59E-4A844EDB6AF1}.Release|x86.ActiveCfg = Release|Any CPU
		{1ED9D12C-35A0-5113-B59E-4A844EDB6AF1}.Release|x86.Build.0 = Release|Any CPU
		{60E9A71A-C200-477F-9BA7-E368B6523A83}.Debug|Any CPU.ActiveCfg = Debug|Any CPU
		{60E9A71A-C200-477F-9BA7-E368B6523A83}.Debug|Any CPU.Build.0 = Debug|Any CPU
		{60E9A71A-C200-477F-9BA7-E368B6523A83}.Debug|x64.ActiveCfg = Debug|Any CPU
		{60E9A71A-C200-477F-9BA7-E368B6523A83}.Debug|x64.Build.0 = Debug|Any CPU
		{60E9A71A-C200-477F-9BA7-E368B6523A83}.Debug|x86.ActiveCfg = Debug|Any CPU
		{60E9A71A-C200-477F-9BA7-E368B6523A83}.Debug|x86.Build.0 = Debug|Any CPU
		{60E9A71A-C200-477F-9BA7-E368B6523A83}.Release|Any CPU.ActiveCfg = Release|Any CPU
		{60E9A71A-C200-477F-9BA7-E368B6523A83}.Release|Any CPU.Build.0 = Release|Any CPU
		{60E9A71A-C200-477F-9BA7-E368B6523A83}.Release|x64.ActiveCfg = Release|Any CPU
		{60E9A71A-C200-477F-9BA7-E368B6523A83}.Release|x64.Build.0 = Release|Any CPU
		{60E9A71A-C200-477F-9BA7-E368B6523A83}.Release|x86.ActiveCfg = Release|Any CPU
		{60E9A71A-C200-477F-9BA7-E368B6523A83}.Release|x86.Build.0 = Release|Any CPU
		{D706A3DD-D7B5-1B84-C5D1-4FD5505C6736}.Debug|Any CPU.ActiveCfg = Debug|Any CPU
		{D706A3DD-D7B5-1B84-C5D1-4FD5505C6736}.Debug|Any CPU.Build.0 = Debug|Any CPU
		{D706A3DD-D7B5-1B84-C5D1-4FD5505C6736}.Debug|x64.ActiveCfg = Debug|Any CPU
		{D706A3DD-D7B5-1B84-C5D1-4FD5505C6736}.Debug|x64.Build.0 = Debug|Any CPU
		{D706A3DD-D7B5-1B84-C5D1-4FD5505C6736}.Debug|x86.ActiveCfg = Debug|Any CPU
		{D706A3DD-D7B5-1B84-C5D1-4FD5505C6736}.Debug|x86.Build.0 = Debug|Any CPU
		{D706A3DD-D7B5-1B84-C5D1-4FD5505C6736}.Release|Any CPU.ActiveCfg = Release|Any CPU
		{D706A3DD-D7B5-1B84-C5D1-4FD5505C6736}.Release|Any CPU.Build.0 = Release|Any CPU
		{D706A3DD-D7B5-1B84-C5D1-4FD5505C6736}.Release|x64.ActiveCfg = Release|Any CPU
		{D706A3DD-D7B5-1B84-C5D1-4FD5505C6736}.Release|x64.Build.0 = Release|Any CPU
		{D706A3DD-D7B5-1B84-C5D1-4FD5505C6736}.Release|x86.ActiveCfg = Release|Any CPU
		{D706A3DD-D7B5-1B84-C5D1-4FD5505C6736}.Release|x86.Build.0 = Release|Any CPU
		{5425C58D-9B96-59CA-E3A8-16D1465E6279}.Debug|Any CPU.ActiveCfg = Debug|Any CPU
		{5425C58D-9B96-59CA-E3A8-16D1465E6279}.Debug|Any CPU.Build.0 = Debug|Any CPU
		{5425C58D-9B96-59CA-E3A8-16D1465E6279}.Debug|x64.ActiveCfg = Debug|Any CPU
		{5425C58D-9B96-59CA-E3A8-16D1465E6279}.Debug|x64.Build.0 = Debug|Any CPU
		{5425C58D-9B96-59CA-E3A8-16D1465E6279}.Debug|x86.ActiveCfg = Debug|Any CPU
		{5425C58D-9B96-59CA-E3A8-16D1465E6279}.Debug|x86.Build.0 = Debug|Any CPU
		{5425C58D-9B96-59CA-E3A8-16D1465E6279}.Release|Any CPU.ActiveCfg = Release|Any CPU
		{5425C58D-9B96-59CA-E3A8-16D1465E6279}.Release|Any CPU.Build.0 = Release|Any CPU
		{5425C58D-9B96-59CA-E3A8-16D1465E6279}.Release|x64.ActiveCfg = Release|Any CPU
		{5425C58D-9B96-59CA-E3A8-16D1465E6279}.Release|x64.Build.0 = Release|Any CPU
		{5425C58D-9B96-59CA-E3A8-16D1465E6279}.Release|x86.ActiveCfg = Release|Any CPU
		{5425C58D-9B96-59CA-E3A8-16D1465E6279}.Release|x86.Build.0 = Release|Any CPU
		{397C4DCC-E7A4-4D83-BC9F-4DB26AF8BDC7}.Debug|Any CPU.ActiveCfg = Debug|Any CPU
		{397C4DCC-E7A4-4D83-BC9F-4DB26AF8BDC7}.Debug|Any CPU.Build.0 = Debug|Any CPU
		{397C4DCC-E7A4-4D83-BC9F-4DB26AF8BDC7}.Debug|x64.ActiveCfg = Debug|Any CPU
		{397C4DCC-E7A4-4D83-BC9F-4DB26AF8BDC7}.Debug|x64.Build.0 = Debug|Any CPU
		{397C4DCC-E7A4-4D83-BC9F-4DB26AF8BDC7}.Debug|x86.ActiveCfg = Debug|Any CPU
		{397C4DCC-E7A4-4D83-BC9F-4DB26AF8BDC7}.Debug|x86.Build.0 = Debug|Any CPU
		{397C4DCC-E7A4-4D83-BC9F-4DB26AF8BDC7}.Release|Any CPU.ActiveCfg = Release|Any CPU
		{397C4DCC-E7A4-4D83-BC9F-4DB26AF8BDC7}.Release|Any CPU.Build.0 = Release|Any CPU
		{397C4DCC-E7A4-4D83-BC9F-4DB26AF8BDC7}.Release|x64.ActiveCfg = Release|Any CPU
		{397C4DCC-E7A4-4D83-BC9F-4DB26AF8BDC7}.Release|x64.Build.0 = Release|Any CPU
		{397C4DCC-E7A4-4D83-BC9F-4DB26AF8BDC7}.Release|x86.ActiveCfg = Release|Any CPU
		{397C4DCC-E7A4-4D83-BC9F-4DB26AF8BDC7}.Release|x86.Build.0 = Release|Any CPU
		{DEFE7E21-12BC-42C7-A7D1-12C812F0BA6C}.Debug|Any CPU.ActiveCfg = Debug|Any CPU
		{DEFE7E21-12BC-42C7-A7D1-12C812F0BA6C}.Debug|Any CPU.Build.0 = Debug|Any CPU
		{DEFE7E21-12BC-42C7-A7D1-12C812F0BA6C}.Debug|x64.ActiveCfg = Debug|Any CPU
		{DEFE7E21-12BC-42C7-A7D1-12C812F0BA6C}.Debug|x64.Build.0 = Debug|Any CPU
		{DEFE7E21-12BC-42C7-A7D1-12C812F0BA6C}.Debug|x86.ActiveCfg = Debug|Any CPU
		{DEFE7E21-12BC-42C7-A7D1-12C812F0BA6C}.Debug|x86.Build.0 = Debug|Any CPU
		{DEFE7E21-12BC-42C7-A7D1-12C812F0BA6C}.Release|Any CPU.ActiveCfg = Release|Any CPU
		{DEFE7E21-12BC-42C7-A7D1-12C812F0BA6C}.Release|Any CPU.Build.0 = Release|Any CPU
		{DEFE7E21-12BC-42C7-A7D1-12C812F0BA6C}.Release|x64.ActiveCfg = Release|Any CPU
		{DEFE7E21-12BC-42C7-A7D1-12C812F0BA6C}.Release|x64.Build.0 = Release|Any CPU
		{DEFE7E21-12BC-42C7-A7D1-12C812F0BA6C}.Release|x86.ActiveCfg = Release|Any CPU
		{DEFE7E21-12BC-42C7-A7D1-12C812F0BA6C}.Release|x86.Build.0 = Release|Any CPU
		{45F2E2D2-5626-49FD-B9B2-2D610458E605}.Debug|Any CPU.ActiveCfg = Debug|Any CPU
		{45F2E2D2-5626-49FD-B9B2-2D610458E605}.Debug|Any CPU.Build.0 = Debug|Any CPU
		{45F2E2D2-5626-49FD-B9B2-2D610458E605}.Debug|x64.ActiveCfg = Debug|Any CPU
		{45F2E2D2-5626-49FD-B9B2-2D610458E605}.Debug|x64.Build.0 = Debug|Any CPU
		{45F2E2D2-5626-49FD-B9B2-2D610458E605}.Debug|x86.ActiveCfg = Debug|Any CPU
		{45F2E2D2-5626-49FD-B9B2-2D610458E605}.Debug|x86.Build.0 = Debug|Any CPU
		{45F2E2D2-5626-49FD-B9B2-2D610458E605}.Release|Any CPU.ActiveCfg = Release|Any CPU
		{45F2E2D2-5626-49FD-B9B2-2D610458E605}.Release|Any CPU.Build.0 = Release|Any CPU
		{45F2E2D2-5626-49FD-B9B2-2D610458E605}.Release|x64.ActiveCfg = Release|Any CPU
		{45F2E2D2-5626-49FD-B9B2-2D610458E605}.Release|x64.Build.0 = Release|Any CPU
		{45F2E2D2-5626-49FD-B9B2-2D610458E605}.Release|x86.ActiveCfg = Release|Any CPU
		{45F2E2D2-5626-49FD-B9B2-2D610458E605}.Release|x86.Build.0 = Release|Any CPU
	EndGlobalSection
	GlobalSection(SolutionProperties) = preSolution
		HideSolutionNode = FALSE
	EndGlobalSection
	GlobalSection(NestedProjects) = preSolution
		{F11162C9-5A74-465A-956E-BB75C5A2F02A} = {612D77E4-BEEE-022C-6826-0CD35B9F9973}
		{1ED9D12C-35A0-5113-B59E-4A844EDB6AF1} = {378CDDFA-9DD1-4CE2-B8C5-34FAAE47AF8D}
		{60E9A71A-C200-477F-9BA7-E368B6523A83} = {6E971825-BFDD-4EFC-A394-A3E656E96E6F}
		{D706A3DD-D7B5-1B84-C5D1-4FD5505C6736} = {93719778-17CD-4944-8198-E75111C896D5}
		{5425C58D-9B96-59CA-E3A8-16D1465E6279} = {AF95DEDE-108A-4DFE-99EA-50D5DD96E975}
		{397C4DCC-E7A4-4D83-BC9F-4DB26AF8BDC7} = {0EEFEAF0-0EFF-FC70-EEBC-4E8B82177F6A}
		{DEFE7E21-12BC-42C7-A7D1-12C812F0BA6C} = {99416FE3-D687-703A-3C4D-802B4852F80F}
		{45F2E2D2-5626-49FD-B9B2-2D610458E605} = {0BCF4FFD-3A10-0427-86FA-E964F8683ACE}
	EndGlobalSection
	GlobalSection(ExtensibilityGlobals) = postSolution
		SolutionGuid = {D4F055C5-53D8-4CFF-8ADA-0EA5EB8F2F47}
	EndGlobalSection
EndGlobal
