
Microsoft Visual Studio Solution File, Format Version 12.00
# Visual Studio Version 18
VisualStudioVersion = 18.2.11430.68
MinimumVisualStudioVersion = 10.0.40219.1
Project("{2150E333-8FDC-42A3-9474-1A3956D46DE8}") = "01.Model Binding in ASP.NET Core Web API", "01.Model Binding in ASP.NET Core Web API", "{612D77E4-BEEE-022C-6826-0CD35B9F9973}"
EndProject
Project("{FAE04EC0-301F-11D3-BF4B-00C04F79EFBC}") = "ModelBindingDemo.API", "01.Model Binding in ASP.NET Core Web API\ModelBindingDemo.API\ModelBindingDemo.API.csproj", "{F11162C9-5A74-465A-956E-BB75C5A2F02A}"
EndProject
Project("{2150E333-8FDC-42A3-9474-1A3956D46DE8}") = "02.Model Binding - From Form", "02.Model Binding - From Form", "{6857F036-6168-4933-8336-A1FF907623EC}"
EndProject
Project("{FAE04EC0-301F-11D3-BF4B-00C04F79EFBC}") = "ModelBinding-FromForm", "ModelBinding-FromForm\ModelBinding-FromForm.csproj", "{08937436-8D2B-4970-83DF-D8A889C764DD}"
EndProject
Project("{2150E333-8FDC-42A3-9474-1A3956D46DE8}") = "03.Model Binding-From Query", "03.Model Binding-From Query", "{378CDDFA-9DD1-4CE2-B8C5-34FAAE47AF8D}"
EndProject
Project("{FAE04EC0-301F-11D3-BF4B-00C04F79EFBC}") = "FromQuery", "FromQuery\FromQuery.csproj", "{08A61CE7-3857-40BD-9524-85F02D60D9CF}"
EndProject
Project("{2150E333-8FDC-42A3-9474-1A3956D46DE8}") = "04.Model Binding-From Route", "04.Model Binding-From Route", "{6E971825-BFDD-4EFC-A394-A3E656E96E6F}"
EndProject
Project("{FAE04EC0-301F-11D3-BF4B-00C04F79EFBC}") = "FromRoute", "FromRoute\FromRoute.csproj", "{7419EBE1-A466-4CEE-9DC5-7EC20D9A2CD1}"
EndProject
Project("{2150E333-8FDC-42A3-9474-1A3956D46DE8}") = "05.Model Binding-From Header", "05.Model Binding-From Header", "{AF95DEDE-108A-4DFE-99EA-50D5DD96E975}"
EndProject
Project("{FAE04EC0-301F-11D3-BF4B-00C04F79EFBC}") = "FromHeader", "FromHeader\FromHeader.csproj", "{CF89ABBB-072B-4D37-BB58-3E42885DA62D}"
EndProject
Project("{2150E333-8FDC-42A3-9474-1A3956D46DE8}") = "06.Model Binding-From Body", "06.Model Binding-From Body", "{93719778-17CD-4944-8198-E75111C896D5}"
EndProject
Project("{FAE04EC0-301F-11D3-BF4B-00C04F79EFBC}") = "FromBody", "FromBody\FromBody.csproj", "{79E6259A-49F0-4842-8B07-7F2684480364}"
EndProject
Global
	GlobalSection(SolutionConfigurationPlatforms) = preSolution
		Debug|Any CPU = Debug|Any CPU
		Debug|x64 = Debug|x64
		Debug|x86 = Debug|x86
		Release|Any CPU = Release|Any CPU
		Release|x64 = Release|x64
		Release|x86 = Release|x86
	EndGlobalSection
	GlobalSection(ProjectConfigurationPlatforms) = postSolution
		{F11162C9-5A74-465A-956E-BB75C5A2F02A}.Debug|Any CPU.ActiveCfg = Debug|Any CPU
		{F11162C9-5A74-465A-956E-BB75C5A2F02A}.Debug|Any CPU.Build.0 = Debug|Any CPU
		{F11162C9-5A74-465A-956E-BB75C5A2F02A}.Debug|x64.ActiveCfg = Debug|Any CPU
		{F11162C9-5A74-465A-956E-BB75C5A2F02A}.Debug|x64.Build.0 = Debug|Any CPU
		{F11162C9-5A74-465A-956E-BB75C5A2F02A}.Debug|x86.ActiveCfg = Debug|Any CPU
		{F11162C9-5A74-465A-956E-BB75C5A2F02A}.Debug|x86.Build.0 = Debug|Any CPU
		{F11162C9-5A74-465A-956E-BB75C5A2F02A}.Release|Any CPU.ActiveCfg = Release|Any CPU
		{F11162C9-5A74-465A-956E-BB75C5A2F02A}.Release|Any CPU.Build.0 = Release|Any CPU
		{F11162C9-5A74-465A-956E-BB75C5A2F02A}.Release|x64.ActiveCfg = Release|Any CPU
		{F11162C9-5A74-465A-956E-BB75C5A2F02A}.Release|x64.Build.0 = Release|Any CPU
		{F11162C9-5A74-465A-956E-BB75C5A2F02A}.Release|x86.ActiveCfg = Release|Any CPU
		{F11162C9-5A74-465A-956E-BB75C5A2F02A}.Release|x86.Build.0 = Release|Any CPU
		{08937436-8D2B-4970-83DF-D8A889C764DD}.Debug|Any CPU.ActiveCfg = Debug|Any CPU
		{08937436-8D2B-4970-83DF-D8A889C764DD}.Debug|Any CPU.Build.0 = Debug|Any CPU
		{08937436-8D2B-4970-83DF-D8A889C764DD}.Debug|x64.ActiveCfg = Debug|Any CPU
		{08937436-8D2B-4970-83DF-D8A889C764DD}.Debug|x64.Build.0 = Debug|Any CPU
		{08937436-8D2B-4970-83DF-D8A889C764DD}.Debug|x86.ActiveCfg = Debug|Any CPU
		{08937436-8D2B-4970-83DF-D8A889C764DD}.Debug|x86.Build.0 = Debug|Any CPU
		{08937436-8D2B-4970-83DF-D8A889C764DD}.Release|Any CPU.ActiveCfg = Release|Any CPU
		{08937436-8D2B-4970-83DF-D8A889C764DD}.Release|Any CPU.Build.0 = Release|Any CPU
		{08937436-8D2B-4970-83DF-D8A889C764DD}.Release|x64.ActiveCfg = Release|Any CPU
		{08937436-8D2B-4970-83DF-D8A889C764DD}.Release|x64.Build.0 = Release|Any CPU
		{08937436-8D2B-4970-83DF-D8A889C764DD}.Release|x86.ActiveCfg = Release|Any CPU
		{08937436-8D2B-4970-83DF-D8A889C764DD}.Release|x86.Build.0 = Release|Any CPU
		{08A61CE7-3857-40BD-9524-85F02D60D9CF}.Debug|Any CPU.ActiveCfg = Debug|Any CPU
		{08A61CE7-3857-40BD-9524-85F02D60D9CF}.Debug|Any CPU.Build.0 = Debug|Any CPU
		{08A61CE7-3857-40BD-9524-85F02D60D9CF}.Debug|x64.ActiveCfg = Debug|Any CPU
		{08A61CE7-3857-40BD-9524-85F02D60D9CF}.Debug|x64.Build.0 = Debug|Any CPU
		{08A61CE7-3857-40BD-9524-85F02D60D9CF}.Debug|x86.ActiveCfg = Debug|Any CPU
		{08A61CE7-3857-40BD-9524-85F02D60D9CF}.Debug|x86.Build.0 = Debug|Any CPU
		{08A61CE7-3857-40BD-9524-85F02D60D9CF}.Release|Any CPU.ActiveCfg = Release|Any CPU
		{08A61CE7-3857-40BD-9524-85F02D60D9CF}.Release|Any CPU.Build.0 = Release|Any CPU
		{08A61CE7-3857-40BD-9524-85F02D60D9CF}.Release|x64.ActiveCfg = Release|Any CPU
		{08A61CE7-3857-40BD-9524-85F02D60D9CF}.Release|x64.Build.0 = Release|Any CPU
		{08A61CE7-3857-40BD-9524-85F02D60D9CF}.Release|x86.ActiveCfg = Release|Any CPU
		{08A61CE7-3857-40BD-9524-85F02D60D9CF}.Release|x86.Build.0 = Release|Any CPU
		{7419EBE1-A466-4CEE-9DC5-7EC20D9A2CD1}.Debug|Any CPU.ActiveCfg = Debug|Any CPU
		{7419EBE1-A466-4CEE-9DC5-7EC20D9A2CD1}.Debug|Any CPU.Build.0 = Debug|Any CPU
		{7419EBE1-A466-4CEE-9DC5-7EC20D9A2CD1}.Debug|x64.ActiveCfg = Debug|Any CPU
		{7419EBE1-A466-4CEE-9DC5-7EC20D9A2CD1}.Debug|x64.Build.0 = Debug|Any CPU
		{7419EBE1-A466-4CEE-9DC5-7EC20D9A2CD1}.Debug|x86.ActiveCfg = Debug|Any CPU
		{7419EBE1-A466-4CEE-9DC5-7EC20D9A2CD1}.Debug|x86.Build.0 = Debug|Any CPU
		{7419EBE1-A466-4CEE-9DC5-7EC20D9A2CD1}.Release|Any CPU.ActiveCfg = Release|Any CPU
		{7419EBE1-A466-4CEE-9DC5-7EC20D9A2CD1}.Release|Any CPU.Build.0 = Release|Any CPU
		{7419EBE1-A466-4CEE-9DC5-7EC20D9A2CD1}.Release|x64.ActiveCfg = Release|Any CPU
		{7419EBE1-A466-4CEE-9DC5-7EC20D9A2CD1}.Release|x64.Build.0 = Release|Any CPU
		{7419EBE1-A466-4CEE-9DC5-7EC20D9A2CD1}.Release|x86.ActiveCfg = Release|Any CPU
		{7419EBE1-A466-4CEE-9DC5-7EC20D9A2CD1}.Release|x86.Build.0 = Release|Any CPU
		{CF89ABBB-072B-4D37-BB58-3E42885DA62D}.Debug|Any CPU.ActiveCfg = Debug|Any CPU
		{CF89ABBB-072B-4D37-BB58-3E42885DA62D}.Debug|Any CPU.Build.0 = Debug|Any CPU
		{CF89ABBB-072B-4D37-BB58-3E42885DA62D}.Debug|x64.ActiveCfg = Debug|Any CPU
		{CF89ABBB-072B-4D37-BB58-3E42885DA62D}.Debug|x64.Build.0 = Debug|Any CPU
		{CF89ABBB-072B-4D37-BB58-3E42885DA62D}.Debug|x86.ActiveCfg = Debug|Any CPU
		{CF89ABBB-072B-4D37-BB58-3E42885DA62D}.Debug|x86.Build.0 = Debug|Any CPU
		{CF89ABBB-072B-4D37-BB58-3E42885DA62D}.Release|Any CPU.ActiveCfg = Release|Any CPU
		{CF89ABBB-072B-4D37-BB58-3E42885DA62D}.Release|Any CPU.Build.0 = Release|Any CPU
		{CF89ABBB-072B-4D37-BB58-3E42885DA62D}.Release|x64.ActiveCfg = Release|Any CPU
		{CF89ABBB-072B-4D37-BB58-3E42885DA62D}.Release|x64.Build.0 = Release|Any CPU
		{CF89ABBB-072B-4D37-BB58-3E42885DA62D}.Release|x86.ActiveCfg = Release|Any CPU
		{CF89ABBB-072B-4D37-BB58-3E42885DA62D}.Release|x86.Build.0 = Release|Any CPU
		{79E6259A-49F0-4842-8B07-7F2684480364}.Debug|Any CPU.ActiveCfg = Debug|Any CPU
		{79E6259A-49F0-4842-8B07-7F2684480364}.Debug|Any CPU.Build.0 = Debug|Any CPU
		{79E6259A-49F0-4842-8B07-7F2684480364}.Debug|x64.ActiveCfg = Debug|Any CPU
		{79E6259A-49F0-4842-8B07-7F2684480364}.Debug|x64.Build.0 = Debug|Any CPU
		{79E6259A-49F0-4842-8B07-7F2684480364}.Debug|x86.ActiveCfg = Debug|Any CPU
		{79E6259A-49F0-4842-8B07-7F2684480364}.Debug|x86.Build.0 = Debug|Any CPU
		{79E6259A-49F0-4842-8B07-7F2684480364}.Release|Any CPU.ActiveCfg = Release|Any CPU
		{79E6259A-49F0-4842-8B07-7F2684480364}.Release|Any CPU.Build.0 = Release|Any CPU
		{79E6259A-49F0-4842-8B07-7F2684480364}.Release|x64.ActiveCfg = Release|Any CPU
		{79E6259A-49F0-4842-8B07-7F2684480364}.Release|x64.Build.0 = Release|Any CPU
		{79E6259A-49F0-4842-8B07-7F2684480364}.Release|x86.ActiveCfg = Release|Any CPU
		{79E6259A-49F0-4842-8B07-7F2684480364}.Release|x86.Build.0 = Release|Any CPU
	EndGlobalSection
	GlobalSection(SolutionProperties) = preSolution
		HideSolutionNode = FALSE
	EndGlobalSection
	GlobalSection(NestedProjects) = preSolution
		{F11162C9-5A74-465A-956E-BB75C5A2F02A} = {612D77E4-BEEE-022C-6826-0CD35B9F9973}
		{08937436-8D2B-4970-83DF-D8A889C764DD} = {6857F036-6168-4933-8336-A1FF907623EC}
		{08A61CE7-3857-40BD-9524-85F02D60D9CF} = {378CDDFA-9DD1-4CE2-B8C5-34FAAE47AF8D}
		{7419EBE1-A466-4CEE-9DC5-7EC20D9A2CD1} = {6E971825-BFDD-4EFC-A394-A3E656E96E6F}
		{CF89ABBB-072B-4D37-BB58-3E42885DA62D} = {AF95DEDE-108A-4DFE-99EA-50D5DD96E975}
		{79E6259A-49F0-4842-8B07-7F2684480364} = {93719778-17CD-4944-8198-E75111C896D5}
	EndGlobalSection
	GlobalSection(ExtensibilityGlobals) = postSolution
		SolutionGuid = {D4F055C5-53D8-4CFF-8ADA-0EA5EB8F2F47}
	EndGlobalSection
EndGlobal
